
Microsoft Visual Studio Solution File, Format Version 12.00
# Visual Studio Version 17
VisualStudioVersion = 17.7.34202.233
MinimumVisualStudioVersion = 10.0.40219.1
Project("{FAE04EC0-301F-11D3-BF4B-00C04F79EFBC}") = "Merchant", "Merchant\Merchant.csproj", "{681C22C0-C7EE-4EF9-9D66-C804E6CBE363}"
EndProject
Global
	GlobalSection(SolutionConfigurationPlatforms) = preSolution
		Debug|Any CPU = Debug|Any CPU
		Release|Any CPU = Release|Any CPU
	EndGlobalSection
	GlobalSection(ProjectConfigurationPlatforms) = postSolution
		{681C22C0-C7EE-4EF9-9D66-C804E6CBE363}.Debug|Any CPU.ActiveCfg = Debug|Any CPU
		{681C22C0-C7EE-4EF9-9D66-C804E6CBE363}.Debug|Any CPU.Build.0 = Debug|Any CPU
		{681C22C0-C7EE-4EF9-9D66-C804E6CBE363}.Release|Any CPU.ActiveCfg = Release|Any CPU
		{681C22C0-C7EE-4EF9-9D66-C804E6CBE363}.Release|Any CPU.Build.0 = Release|Any CPU
	EndGlobalSection
	GlobalSection(SolutionProperties) = preSolution
		HideSolutionNode = FALSE
	EndGlobalSection
	GlobalSection(ExtensibilityGlobals) = postSolution
		SolutionGuid = {9C7A903E-1452-40FA-82BC-650550BE0C7E}
	EndGlobalSection
EndGlobal
